
Microsoft Visual Studio Solution File, Format Version 12.00
# Visual Studio Version 16
VisualStudioVersion = 16.0.31613.86
MinimumVisualStudioVersion = 10.0.40219.1
Project("{FAE04EC0-301F-11D3-BF4B-00C04F79EFBC}") = "Dewey divertissement", "Dewey divertissement.csproj", "{DF25D5B1-9E11-40F4-A74A-ADF54249E06D}"
EndProject
Global
	GlobalSection(SolutionConfigurationPlatforms) = preSolution
		Debug|Any CPU = Debug|Any CPU
		Release|Any CPU = Release|Any CPU
	EndGlobalSection
	GlobalSection(ProjectConfigurationPlatforms) = postSolution
		{DF25D5B1-9E11-40F4-A74A-ADF54249E06D}.Debug|Any CPU.ActiveCfg = Debug|Any CPU
		{DF25D5B1-9E11-40F4-A74A-ADF54249E06D}.Debug|Any CPU.Build.0 = Debug|Any CPU
		{DF25D5B1-9E11-40F4-A74A-ADF54249E06D}.Release|Any CPU.ActiveCfg = Release|Any CPU
		{DF25D5B1-9E11-40F4-A74A-ADF54249E06D}.Release|Any CPU.Build.0 = Release|Any CPU
	EndGlobalSection
	GlobalSection(SolutionProperties) = preSolution
		HideSolutionNode = FALSE
	EndGlobalSection
	GlobalSection(ExtensibilityGlobals) = postSolution
		SolutionGuid = {062265F7-2347-4078-9C90-E3DC4250E9AC}
	EndGlobalSection
EndGlobal
